
Microsoft Visual Studio Solution File, Format Version 12.00
# Visual Studio Version 17
VisualStudioVersion = 17.11.35219.272
MinimumVisualStudioVersion = 10.0.40219.1
Project("{9A19103F-16F7-4668-BE54-9A1E7A4F7556}") = "AH.Model", "AH.Model\AH.Model.csproj", "{4C21220C-1135-445A-B8DD-1C230295B651}"
EndProject
Project("{FAE04EC0-301F-11D3-BF4B-00C04F79EFBC}") = "AH.Migrations.Setup", "AH.Migrations.Setup\AH.Migrations.Setup.csproj", "{BA65D168-CCA4-4997-89C5-CDD341BBB8B7}"
EndProject
Project("{FAE04EC0-301F-11D3-BF4B-00C04F79EFBC}") = "AH.Migrations.Postgres", "AH.Migrations.Postgres\AH.Migrations.Postgres.csproj", "{004F61B0-FA8C-456D-A2B9-0E6BB483A346}"
EndProject
Project("{FAE04EC0-301F-11D3-BF4B-00C04F79EFBC}") = "AH.Lib", "AH.Lib\AH.Lib.csproj", "{B6C113DE-4EC2-4E14-BD8A-1BF654C28B6F}"
EndProject
Project("{FAE04EC0-301F-11D3-BF4B-00C04F79EFBC}") = "AH.TestLib", "AH.TestLib\AH.TestLib.csproj", "{A77BE479-B341-4723-90A3-5527A462BDF2}"
EndProject
Global
	GlobalSection(SolutionConfigurationPlatforms) = preSolution
		Debug|Any CPU = Debug|Any CPU
		Release|Any CPU = Release|Any CPU
	EndGlobalSection
	GlobalSection(ProjectConfigurationPlatforms) = postSolution
		{4C21220C-1135-445A-B8DD-1C230295B651}.Debug|Any CPU.ActiveCfg = Debug|Any CPU
		{4C21220C-1135-445A-B8DD-1C230295B651}.Debug|Any CPU.Build.0 = Debug|Any CPU
		{4C21220C-1135-445A-B8DD-1C230295B651}.Release|Any CPU.ActiveCfg = Release|Any CPU
		{4C21220C-1135-445A-B8DD-1C230295B651}.Release|Any CPU.Build.0 = Release|Any CPU
		{BA65D168-CCA4-4997-89C5-CDD341BBB8B7}.Debug|Any CPU.ActiveCfg = Debug|Any CPU
		{BA65D168-CCA4-4997-89C5-CDD341BBB8B7}.Debug|Any CPU.Build.0 = Debug|Any CPU
		{BA65D168-CCA4-4997-89C5-CDD341BBB8B7}.Release|Any CPU.ActiveCfg = Release|Any CPU
		{BA65D168-CCA4-4997-89C5-CDD341BBB8B7}.Release|Any CPU.Build.0 = Release|Any CPU
		{004F61B0-FA8C-456D-A2B9-0E6BB483A346}.Debug|Any CPU.ActiveCfg = Debug|Any CPU
		{004F61B0-FA8C-456D-A2B9-0E6BB483A346}.Debug|Any CPU.Build.0 = Debug|Any CPU
		{004F61B0-FA8C-456D-A2B9-0E6BB483A346}.Release|Any CPU.ActiveCfg = Release|Any CPU
		{004F61B0-FA8C-456D-A2B9-0E6BB483A346}.Release|Any CPU.Build.0 = Release|Any CPU
		{B6C113DE-4EC2-4E14-BD8A-1BF654C28B6F}.Debug|Any CPU.ActiveCfg = Debug|Any CPU
		{B6C113DE-4EC2-4E14-BD8A-1BF654C28B6F}.Debug|Any CPU.Build.0 = Debug|Any CPU
		{B6C113DE-4EC2-4E14-BD8A-1BF654C28B6F}.Release|Any CPU.ActiveCfg = Release|Any CPU
		{B6C113DE-4EC2-4E14-BD8A-1BF654C28B6F}.Release|Any CPU.Build.0 = Release|Any CPU
		{A77BE479-B341-4723-90A3-5527A462BDF2}.Debug|Any CPU.ActiveCfg = Debug|Any CPU
		{A77BE479-B341-4723-90A3-5527A462BDF2}.Debug|Any CPU.Build.0 = Debug|Any CPU
		{A77BE479-B341-4723-90A3-5527A462BDF2}.Release|Any CPU.ActiveCfg = Release|Any CPU
		{A77BE479-B341-4723-90A3-5527A462BDF2}.Release|Any CPU.Build.0 = Release|Any CPU
	EndGlobalSection
	GlobalSection(SolutionProperties) = preSolution
		HideSolutionNode = FALSE
	EndGlobalSection
	GlobalSection(ExtensibilityGlobals) = postSolution
		SolutionGuid = {53E94FC4-80F7-4DF2-AD9C-6475FA6F98D7}
	EndGlobalSection
EndGlobal
